// !$*UTF8*$!
{
	archiveVersion = 1;
	classes = {
	};
	objectVersion = 55;
	objects = {

/* Begin PBXBuildFile section */
		6344F0C428889F1600EA3F60 /* resourcesViewController.swift in Sources */ = {isa = PBXBuildFile; fileRef = 6344F0C328889F1600EA3F60 /* resourcesViewController.swift */; };
		B773E7712886085A003E2B5B /* AppDelegate.swift in Sources */ = {isa = PBXBuildFile; fileRef = B773E7702886085A003E2B5B /* AppDelegate.swift */; };
		B773E7732886085A003E2B5B /* SceneDelegate.swift in Sources */ = {isa = PBXBuildFile; fileRef = B773E7722886085A003E2B5B /* SceneDelegate.swift */; };
		B773E7752886085A003E2B5B /* ViewController.swift in Sources */ = {isa = PBXBuildFile; fileRef = B773E7742886085A003E2B5B /* ViewController.swift */; };
		B773E7782886085A003E2B5B /* Main.storyboard in Resources */ = {isa = PBXBuildFile; fileRef = B773E7762886085A003E2B5B /* Main.storyboard */; };
		B773E77B2886085A003E2B5B /* Ctrl_C__Ctrl_Free.xcdatamodeld in Sources */ = {isa = PBXBuildFile; fileRef = B773E7792886085A003E2B5B /* Ctrl_C__Ctrl_Free.xcdatamodeld */; };
		B773E77D2886085B003E2B5B /* Assets.xcassets in Resources */ = {isa = PBXBuildFile; fileRef = B773E77C2886085B003E2B5B /* Assets.xcassets */; };
		B773E7802886085B003E2B5B /* LaunchScreen.storyboard in Resources */ = {isa = PBXBuildFile; fileRef = B773E77E2886085B003E2B5B /* LaunchScreen.storyboard */; };
		DE47532C2888B92200357422 /* SearchPageTableViewController.swift in Sources */ = {isa = PBXBuildFile; fileRef = DE47532B2888B92200357422 /* SearchPageTableViewController.swift */; };
		DE47532E2888DCB600357422 /* ProductDetailViewController.swift in Sources */ = {isa = PBXBuildFile; fileRef = DE47532D2888DCB600357422 /* ProductDetailViewController.swift */; };
/* End PBXBuildFile section */

/* Begin PBXFileReference section */
		6344F0C328889F1600EA3F60 /* resourcesViewController.swift */ = {isa = PBXFileReference; lastKnownFileType = sourcecode.swift; path = resourcesViewController.swift; sourceTree = "<group>"; };
		B773E76D2886085A003E2B5B /* Ctrl C, Ctrl Free.app */ = {isa = PBXFileReference; explicitFileType = wrapper.application; includeInIndex = 0; path = "Ctrl C, Ctrl Free.app"; sourceTree = BUILT_PRODUCTS_DIR; };
		B773E7702886085A003E2B5B /* AppDelegate.swift */ = {isa = PBXFileReference; lastKnownFileType = sourcecode.swift; path = AppDelegate.swift; sourceTree = "<group>"; };
		B773E7722886085A003E2B5B /* SceneDelegate.swift */ = {isa = PBXFileReference; lastKnownFileType = sourcecode.swift; path = SceneDelegate.swift; sourceTree = "<group>"; };
		B773E7742886085A003E2B5B /* ViewController.swift */ = {isa = PBXFileReference; lastKnownFileType = sourcecode.swift; path = ViewController.swift; sourceTree = "<group>"; };
		B773E7772886085A003E2B5B /* Base */ = {isa = PBXFileReference; lastKnownFileType = file.storyboard; name = Base; path = Base.lproj/Main.storyboard; sourceTree = "<group>"; };
		B773E77A2886085A003E2B5B /* Ctrl_C__Ctrl_Free.xcdatamodel */ = {isa = PBXFileReference; lastKnownFileType = wrapper.xcdatamodel; path = Ctrl_C__Ctrl_Free.xcdatamodel; sourceTree = "<group>"; };
		B773E77C2886085B003E2B5B /* Assets.xcassets */ = {isa = PBXFileReference; lastKnownFileType = folder.assetcatalog; path = Assets.xcassets; sourceTree = "<group>"; };
		B773E77F2886085B003E2B5B /* Base */ = {isa = PBXFileReference; lastKnownFileType = file.storyboard; name = Base; path = Base.lproj/LaunchScreen.storyboard; sourceTree = "<group>"; };
		B773E7812886085B003E2B5B /* Info.plist */ = {isa = PBXFileReference; lastKnownFileType = text.plist.xml; path = Info.plist; sourceTree = "<group>"; };
		DE47532B2888B92200357422 /* SearchPageTableViewController.swift */ = {isa = PBXFileReference; lastKnownFileType = sourcecode.swift; path = SearchPageTableViewController.swift; sourceTree = "<group>"; };
		DE47532D2888DCB600357422 /* ProductDetailViewController.swift */ = {isa = PBXFileReference; lastKnownFileType = sourcecode.swift; path = ProductDetailViewController.swift; sourceTree = "<group>"; };
/* End PBXFileReference section */

/* Begin PBXFrameworksBuildPhase section */
		B773E76A2886085A003E2B5B /* Frameworks */ = {
			isa = PBXFrameworksBuildPhase;
			buildActionMask = 2147483647;
			files = (
			);
			runOnlyForDeploymentPostprocessing = 0;
		};
/* End PBXFrameworksBuildPhase section */

/* Begin PBXGroup section */
		B773E7642886085A003E2B5B = {
			isa = PBXGroup;
			children = (
				B773E76F2886085A003E2B5B /* Ctrl C, Ctrl Free */,
				B773E76E2886085A003E2B5B /* Products */,
			);
			sourceTree = "<group>";
		};
		B773E76E2886085A003E2B5B /* Products */ = {
			isa = PBXGroup;
			children = (
				B773E76D2886085A003E2B5B /* Ctrl C, Ctrl Free.app */,
			);
			name = Products;
			sourceTree = "<group>";
		};
		B773E76F2886085A003E2B5B /* Ctrl C, Ctrl Free */ = {
			isa = PBXGroup;
			children = (
				B773E7702886085A003E2B5B /* AppDelegate.swift */,
				B773E7722886085A003E2B5B /* SceneDelegate.swift */,
				B773E7742886085A003E2B5B /* ViewController.swift */,
				B773E7762886085A003E2B5B /* Main.storyboard */,
				6344F0C328889F1600EA3F60 /* resourcesViewController.swift */,
				DE47532D2888DCB600357422 /* ProductDetailViewController.swift */,
				DE47532B2888B92200357422 /* SearchPageTableViewController.swift */,
				B773E77C2886085B003E2B5B /* Assets.xcassets */,
				B773E77E2886085B003E2B5B /* LaunchScreen.storyboard */,
				B773E7812886085B003E2B5B /* Info.plist */,
				B773E7792886085A003E2B5B /* Ctrl_C__Ctrl_Free.xcdatamodeld */,
			);
			path = "Ctrl C, Ctrl Free";
			sourceTree = "<group>";
		};
/* End PBXGroup section */

/* Begin PBXNativeTarget section */
		B773E76C2886085A003E2B5B /* Ctrl C, Ctrl Free */ = {
			isa = PBXNativeTarget;
			buildConfigurationList = B773E7842886085B003E2B5B /* Build configuration list for PBXNativeTarget "Ctrl C, Ctrl Free" */;
			buildPhases = (
				B773E7692886085A003E2B5B /* Sources */,
				B773E76A2886085A003E2B5B /* Frameworks */,
				B773E76B2886085A003E2B5B /* Resources */,
			);
			buildRules = (
			);
			dependencies = (
			);
			name = "Ctrl C, Ctrl Free";
			productName = "Ctrl C, Ctrl Free";
			productReference = B773E76D2886085A003E2B5B /* Ctrl C, Ctrl Free.app */;
			productType = "com.apple.product-type.application";
		};
/* End PBXNativeTarget section */

/* Begin PBXProject section */
		B773E7652886085A003E2B5B /* Project object */ = {
			isa = PBXProject;
			attributes = {
				BuildIndependentTargetsInParallel = 1;
				LastSwiftUpdateCheck = 1340;
				LastUpgradeCheck = 1340;
				TargetAttributes = {
					B773E76C2886085A003E2B5B = {
						CreatedOnToolsVersion = 13.4.1;
					};
				};
			};
			buildConfigurationList = B773E7682886085A003E2B5B /* Build configuration list for PBXProject "Ctrl C, Ctrl Free" */;
			compatibilityVersion = "Xcode 13.0";
			developmentRegion = en;
			hasScannedForEncodings = 0;
			knownRegions = (
				en,
				Base,
			);
			mainGroup = B773E7642886085A003E2B5B;
			productRefGroup = B773E76E2886085A003E2B5B /* Products */;
			projectDirPath = "";
			projectRoot = "";
			targets = (
				B773E76C2886085A003E2B5B /* Ctrl C, Ctrl Free */,
			);
		};
/* End PBXProject section */

/* Begin PBXResourcesBuildPhase section */
		B773E76B2886085A003E2B5B /* Resources */ = {
			isa = PBXResourcesBuildPhase;
			buildActionMask = 2147483647;
			files = (
				B773E7802886085B003E2B5B /* LaunchScreen.storyboard in Resources */,
				B773E77D2886085B003E2B5B /* Assets.xcassets in Resources */,
				B773E7782886085A003E2B5B /* Main.storyboard in Resources */,
			);
			runOnlyForDeploymentPostprocessing = 0;
		};
/* End PBXResourcesBuildPhase section */

/* Begin PBXSourcesBuildPhase section */
		B773E7692886085A003E2B5B /* Sources */ = {
			isa = PBXSourcesBuildPhase;
			buildActionMask = 2147483647;
			files = (
				B773E7752886085A003E2B5B /* ViewController.swift in Sources */,
				6344F0C428889F1600EA3F60 /* resourcesViewController.swift in Sources */,
				DE47532E2888DCB600357422 /* ProductDetailViewController.swift in Sources */,
				DE47532C2888B92200357422 /* SearchPageTableViewController.swift in Sources */,
				B773E77B2886085A003E2B5B /* Ctrl_C__Ctrl_Free.xcdatamodeld in Sources */,
				B773E7712886085A003E2B5B /* AppDelegate.swift in Sources */,
				B773E7732886085A003E2B5B /* SceneDelegate.swift in Sources */,
			);
			runOnlyForDeploymentPostprocessing = 0;
		};
/* End PBXSourcesBuildPhase section */

/* Begin PBXVariantGroup section */
		B773E7762886085A003E2B5B /* Main.storyboard */ = {
			isa = PBXVariantGroup;
			children = (
				B773E7772886085A003E2B5B /* Base */,
			);
			name = Main.storyboard;
			sourceTree = "<group>";
		};
		B773E77E2886085B003E2B5B /* LaunchScreen.storyboard */ = {
			isa = PBXVariantGroup;
			children = (
				B773E77F2886085B003E2B5B /* Base */,
			);
			name = LaunchScreen.storyboard;
			sourceTree = "<group>";
		};
/* End PBXVariantGroup section */

/* Begin XCBuildConfiguration section */
		B773E7822886085B003E2B5B /* Debug */ = {
			isa = XCBuildConfiguration;
			buildSettings = {
				ALWAYS_SEARCH_USER_PATHS = NO;
				CLANG_ANALYZER_NONNULL = YES;
				CLANG_ANALYZER_NUMBER_OBJECT_CONVERSION = YES_AGGRESSIVE;
				CLANG_CXX_LANGUAGE_STANDARD = "gnu++17";
				CLANG_ENABLE_MODULES = YES;
				CLANG_ENABLE_OBJC_ARC = YES;
				CLANG_ENABLE_OBJC_WEAK = YES;
				CLANG_WARN_BLOCK_CAPTURE_AUTORELEASING = YES;
				CLANG_WARN_BOOL_CONVERSION = YES;
				CLANG_WARN_COMMA = YES;
				CLANG_WARN_CONSTANT_CONVERSION = YES;
				CLANG_WARN_DEPRECATED_OBJC_IMPLEMENTATIONS = YES;
				CLANG_WARN_DIRECT_OBJC_ISA_USAGE = YES_ERROR;
				CLANG_WARN_DOCUMENTATION_COMMENTS = YES;
				CLANG_WARN_EMPTY_BODY = YES;
				CLANG_WARN_ENUM_CONVERSION = YES;
				CLANG_WARN_INFINITE_RECURSION = YES;
				CLANG_WARN_INT_CONVERSION = YES;
				CLANG_WARN_NON_LITERAL_NULL_CONVERSION = YES;
				CLANG_WARN_OBJC_IMPLICIT_RETAIN_SELF = YES;
				CLANG_WARN_OBJC_LITERAL_CONVERSION = YES;
				CLANG_WARN_OBJC_ROOT_CLASS = YES_ERROR;
				CLANG_WARN_QUOTED_INCLUDE_IN_FRAMEWORK_HEADER = YES;
				CLANG_WARN_RANGE_LOOP_ANALYSIS = YES;
				CLANG_WARN_STRICT_PROTOTYPES = YES;
				CLANG_WARN_SUSPICIOUS_MOVE = YES;
				CLANG_WARN_UNGUARDED_AVAILABILITY = YES_AGGRESSIVE;
				CLANG_WARN_UNREACHABLE_CODE = YES;
				CLANG_WARN__DUPLICATE_METHOD_MATCH = YES;
				COPY_PHASE_STRIP = NO;
				DEBUG_INFORMATION_FORMAT = dwarf;
				ENABLE_STRICT_OBJC_MSGSEND = YES;
				ENABLE_TESTABILITY = YES;
				GCC_C_LANGUAGE_STANDARD = gnu11;
				GCC_DYNAMIC_NO_PIC = NO;
				GCC_NO_COMMON_BLOCKS = YES;
				GCC_OPTIMIZATION_LEVEL = 0;
				GCC_PREPROCESSOR_DEFINITIONS = (
					"DEBUG=1",
					"$(inherited)",
				);
				GCC_WARN_64_TO_32_BIT_CONVERSION = YES;
				GCC_WARN_ABOUT_RETURN_TYPE = YES_ERROR;
				GCC_WARN_UNDECLARED_SELECTOR = YES;
				GCC_WARN_UNINITIALIZED_AUTOS = YES_AGGRESSIVE;
				GCC_WARN_UNUSED_FUNCTION = YES;
				GCC_WARN_UNUSED_VARIABLE = YES;
				IPHONEOS_DEPLOYMENT_TARGET = 15.5;
				MTL_ENABLE_DEBUG_INFO = INCLUDE_SOURCE;
				MTL_FAST_MATH = YES;
				ONLY_ACTIVE_ARCH = YES;
				SDKROOT = iphoneos;
				SWIFT_ACTIVE_COMPILATION_CONDITIONS = DEBUG;
				SWIFT_OPTIMIZATION_LEVEL = "-Onone";
			};
			name = Debug;
		};
		B773E7832886085B003E2B5B /* Release */ = {
			isa = XCBuildConfiguration;
			buildSettings = {
				ALWAYS_SEARCH_USER_PATHS = NO;
				CLANG_ANALYZER_NONNULL = YES;
				CLANG_ANALYZER_NUMBER_OBJECT_CONVERSION = YES_AGGRESSIVE;
				CLANG_CXX_LANGUAGE_STANDARD = "gnu++17";
				CLANG_ENABLE_MODULES = YES;
				CLANG_ENABLE_OBJC_ARC = YES;
				CLANG_ENABLE_OBJC_WEAK = YES;
				CLANG_WARN_BLOCK_CAPTURE_AUTORELEASING = YES;
				CLANG_WARN_BOOL_CONVERSION = YES;
				CLANG_WARN_COMMA = YES;
				CLANG_WARN_CONSTANT_CONVERSION = YES;
				CLANG_WARN_DEPRECATED_OBJC_IMPLEMENTATIONS = YES;
				CLANG_WARN_DIRECT_OBJC_ISA_USAGE = YES_ERROR;
				CLANG_WARN_DOCUMENTATION_COMMENTS = YES;
				CLANG_WARN_EMPTY_BODY = YES;
				CLANG_WARN_ENUM_CONVERSION = YES;
				CLANG_WARN_INFINITE_RECURSION = YES;
				CLANG_WARN_INT_CONVERSION = YES;
				CLANG_WARN_NON_LITERAL_NULL_CONVERSION = YES;
				CLANG_WARN_OBJC_IMPLICIT_RETAIN_SELF = YES;
				CLANG_WARN_OBJC_LITERAL_CONVERSION = YES;
				CLANG_WARN_OBJC_ROOT_CLASS = YES_ERROR;
				CLANG_WARN_QUOTED_INCLUDE_IN_FRAMEWORK_HEADER = YES;
				CLANG_WARN_RANGE_LOOP_ANALYSIS = YES;
				CLANG_WARN_STRICT_PROTOTYPES = YES;
				CLANG_WARN_SUSPICIOUS_MOVE = YES;
				CLANG_WARN_UNGUARDED_AVAILABILITY = YES_AGGRESSIVE;
				CLANG_WARN_UNREACHABLE_CODE = YES;
				CLANG_WARN__DUPLICATE_METHOD_MATCH = YES;
				COPY_PHASE_STRIP = NO;
				DEBUG_INFORMATION_FORMAT = "dwarf-with-dsym";
				ENABLE_NS_ASSERTIONS = NO;
				ENABLE_STRICT_OBJC_MSGSEND = YES;
				GCC_C_LANGUAGE_STANDARD = gnu11;
				GCC_NO_COMMON_BLOCKS = YES;
				GCC_WARN_64_TO_32_BIT_CONVERSION = YES;
				GCC_WARN_ABOUT_RETURN_TYPE = YES_ERROR;
				GCC_WARN_UNDECLARED_SELECTOR = YES;
				GCC_WARN_UNINITIALIZED_AUTOS = YES_AGGRESSIVE;
				GCC_WARN_UNUSED_FUNCTION = YES;
				GCC_WARN_UNUSED_VARIABLE = YES;
				IPHONEOS_DEPLOYMENT_TARGET = 15.5;
				MTL_ENABLE_DEBUG_INFO = NO;
				MTL_FAST_MATH = YES;
				SDKROOT = iphoneos;
				SWIFT_COMPILATION_MODE = wholemodule;
				SWIFT_OPTIMIZATION_LEVEL = "-O";
				VALIDATE_PRODUCT = YES;
			};
			name = Release;
		};
		B773E7852886085B003E2B5B /* Debug */ = {
			isa = XCBuildConfiguration;
			buildSettings = {
				ASSETCATALOG_COMPILER_APPICON_NAME = AppIcon;
				ASSETCATALOG_COMPILER_GLOBAL_ACCENT_COLOR_NAME = AccentColor;
				CODE_SIGN_STYLE = Automatic;
				CURRENT_PROJECT_VERSION = 1;
				GENERATE_INFOPLIST_FILE = YES;
				INFOPLIST_FILE = "Ctrl C, Ctrl Free/Info.plist";
				INFOPLIST_KEY_UIApplicationSupportsIndirectInputEvents = YES;
				INFOPLIST_KEY_UILaunchStoryboardName = LaunchScreen;
				INFOPLIST_KEY_UIMainStoryboardFile = Main;
				INFOPLIST_KEY_UISupportedInterfaceOrientations_iPad = "UIInterfaceOrientationPortrait UIInterfaceOrientationPortraitUpsideDown UIInterfaceOrientationLandscapeLeft UIInterfaceOrientationLandscapeRight";
				INFOPLIST_KEY_UISupportedInterfaceOrientations_iPhone = "UIInterfaceOrientationPortrait UIInterfaceOrientationLandscapeLeft UIInterfaceOrientationLandscapeRight";
				LD_RUNPATH_SEARCH_PATHS = (
					"$(inherited)",
					"@executable_path/Frameworks",
				);
				MARKETING_VERSION = 1.0;
				PRODUCT_BUNDLE_IDENTIFIER = "kwk.Ctrl-C--Ctrl-Free";
				PRODUCT_NAME = "$(TARGET_NAME)";
				SWIFT_EMIT_LOC_STRINGS = YES;
				SWIFT_VERSION = 5.0;
				TARGETED_DEVICE_FAMILY = "1,2";
			};
			name = Debug;
		};
		B773E7862886085B003E2B5B /* Release */ = {
			isa = XCBuildConfiguration;
			buildSettings = {
				ASSETCATALOG_COMPILER_APPICON_NAME = AppIcon;
				ASSETCATALOG_COMPILER_GLOBAL_ACCENT_COLOR_NAME = AccentColor;
				CODE_SIGN_STYLE = Automatic;
				CURRENT_PROJECT_VERSION = 1;
				GENERATE_INFOPLIST_FILE = YES;
				INFOPLIST_FILE = "Ctrl C, Ctrl Free/Info.plist";
				INFOPLIST_KEY_UIApplicationSupportsIndirectInputEvents = YES;
				INFOPLIST_KEY_UILaunchStoryboardName = LaunchScreen;
				INFOPLIST_KEY_UIMainStoryboardFile = Main;
				INFOPLIST_KEY_UISupportedInterfaceOrientations_iPad = "UIInterfaceOrientationPortrait UIInterfaceOrientationPortraitUpsideDown UIInterfaceOrientationLandscapeLeft UIInterfaceOrientationLandscapeRight";
				INFOPLIST_KEY_UISupportedInterfaceOrientations_iPhone = "UIInterfaceOrientationPortrait UIInterfaceOrientationLandscapeLeft UIInterfaceOrientationLandscapeRight";
				LD_RUNPATH_SEARCH_PATHS = (
					"$(inherited)",
					"@executable_path/Frameworks",
				);
				MARKETING_VERSION = 1.0;
				PRODUCT_BUNDLE_IDENTIFIER = "kwk.Ctrl-C--Ctrl-Free";
				PRODUCT_NAME = "$(TARGET_NAME)";
				SWIFT_EMIT_LOC_STRINGS = YES;
				SWIFT_VERSION = 5.0;
				TARGETED_DEVICE_FAMILY = "1,2";
			};
			name = Release;
		};
/* End XCBuildConfiguration section */

/* Begin XCConfigurationList section */
		B773E7682886085A003E2B5B /* Build configuration list for PBXProject "Ctrl C, Ctrl Free" */ = {
			isa = XCConfigurationList;
			buildConfigurations = (
				B773E7822886085B003E2B5B /* Debug */,
				B773E7832886085B003E2B5B /* Release */,
			);
			defaultConfigurationIsVisible = 0;
			defaultConfigurationName = Release;
		};
		B773E7842886085B003E2B5B /* Build configuration list for PBXNativeTarget "Ctrl C, Ctrl Free" */ = {
			isa = XCConfigurationList;
			buildConfigurations = (
				B773E7852886085B003E2B5B /* Debug */,
				B773E7862886085B003E2B5B /* Release */,
			);
			defaultConfigurationIsVisible = 0;
			defaultConfigurationName = Release;
		};
/* End XCConfigurationList section */

/* Begin XCVersionGroup section */
		B773E7792886085A003E2B5B /* Ctrl_C__Ctrl_Free.xcdatamodeld */ = {
			isa = XCVersionGroup;
			children = (
				B773E77A2886085A003E2B5B /* Ctrl_C__Ctrl_Free.xcdatamodel */,
			);
			currentVersion = B773E77A2886085A003E2B5B /* Ctrl_C__Ctrl_Free.xcdatamodel */;
			path = Ctrl_C__Ctrl_Free.xcdatamodeld;
			sourceTree = "<group>";
			versionGroupType = wrapper.xcdatamodel;
		};
/* End XCVersionGroup section */
	};
	rootObject = B773E7652886085A003E2B5B /* Project object */;
}
